
Microsoft Visual Studio Solution File, Format Version 12.00
# Visual Studio Version 17
VisualStudioVersion = 17.13.35828.75
MinimumVisualStudioVersion = 10.0.40219.1
Project("{8BC9CEB8-8B4A-11D0-8D11-00A0C91BC942}") = "WindowsProject1", "WindowsProject1\WindowsProject1.vcxproj", "{A8C660D8-54D6-4116-A646-A61456068A1C}"
EndProject
Project("{8BC9CEB8-8B4A-11D0-8D11-00A0C91BC942}") = "WindowsProject2", "WindowsProject2\WindowsProject2.vcxproj", "{D7A632E4-6D09-44DD-B4B4-B4D7F0526C7E}"
EndProject
Project("{8BC9CEB8-8B4A-11D0-8D11-00A0C91BC942}") = "01.WP_LineOutput", "WP_LineOutput\WP_LineOutput.vcxproj", "{0429EEA4-3D82-47CA-A312-99D56A0552B6}"
EndProject
Project("{8BC9CEB8-8B4A-11D0-8D11-00A0C91BC942}") = "02.WP_Clock01", "WP_Clock01\WP_Clock01.vcxproj", "{AEE9C6FC-C67B-4001-A5FA-BCACC78995DA}"
EndProject
Global
	GlobalSection(SolutionConfigurationPlatforms) = preSolution
		Debug|ARM64 = Debug|ARM64
		Debug|x64 = Debug|x64
		Debug|x86 = Debug|x86
		Release|ARM64 = Release|ARM64
		Release|x64 = Release|x64
		Release|x86 = Release|x86
	EndGlobalSection
	GlobalSection(ProjectConfigurationPlatforms) = postSolution
		{A8C660D8-54D6-4116-A646-A61456068A1C}.Debug|ARM64.ActiveCfg = Debug|ARM64
		{A8C660D8-54D6-4116-A646-A61456068A1C}.Debug|ARM64.Build.0 = Debug|ARM64
		{A8C660D8-54D6-4116-A646-A61456068A1C}.Debug|x64.ActiveCfg = Debug|x64
		{A8C660D8-54D6-4116-A646-A61456068A1C}.Debug|x64.Build.0 = Debug|x64
		{A8C660D8-54D6-4116-A646-A61456068A1C}.Debug|x86.ActiveCfg = Debug|Win32
		{A8C660D8-54D6-4116-A646-A61456068A1C}.Debug|x86.Build.0 = Debug|Win32
		{A8C660D8-54D6-4116-A646-A61456068A1C}.Release|ARM64.ActiveCfg = Release|ARM64
		{A8C660D8-54D6-4116-A646-A61456068A1C}.Release|ARM64.Build.0 = Release|ARM64
		{A8C660D8-54D6-4116-A646-A61456068A1C}.Release|x64.ActiveCfg = Release|x64
		{A8C660D8-54D6-4116-A646-A61456068A1C}.Release|x64.Build.0 = Release|x64
		{A8C660D8-54D6-4116-A646-A61456068A1C}.Release|x86.ActiveCfg = Release|Win32
		{A8C660D8-54D6-4116-A646-A61456068A1C}.Release|x86.Build.0 = Release|Win32
		{D7A632E4-6D09-44DD-B4B4-B4D7F0526C7E}.Debug|ARM64.ActiveCfg = Debug|ARM64
		{D7A632E4-6D09-44DD-B4B4-B4D7F0526C7E}.Debug|ARM64.Build.0 = Debug|ARM64
		{D7A632E4-6D09-44DD-B4B4-B4D7F0526C7E}.Debug|x64.ActiveCfg = Debug|x64
		{D7A632E4-6D09-44DD-B4B4-B4D7F0526C7E}.Debug|x64.Build.0 = Debug|x64
		{D7A632E4-6D09-44DD-B4B4-B4D7F0526C7E}.Debug|x86.ActiveCfg = Debug|Win32
		{D7A632E4-6D09-44DD-B4B4-B4D7F0526C7E}.Debug|x86.Build.0 = Debug|Win32
		{D7A632E4-6D09-44DD-B4B4-B4D7F0526C7E}.Release|ARM64.ActiveCfg = Release|ARM64
		{D7A632E4-6D09-44DD-B4B4-B4D7F0526C7E}.Release|ARM64.Build.0 = Release|ARM64
		{D7A632E4-6D09-44DD-B4B4-B4D7F0526C7E}.Release|x64.ActiveCfg = Release|x64
		{D7A632E4-6D09-44DD-B4B4-B4D7F0526C7E}.Release|x64.Build.0 = Release|x64
		{D7A632E4-6D09-44DD-B4B4-B4D7F0526C7E}.Release|x86.ActiveCfg = Release|Win32
		{D7A632E4-6D09-44DD-B4B4-B4D7F0526C7E}.Release|x86.Build.0 = Release|Win32
		{0429EEA4-3D82-47CA-A312-99D56A0552B6}.Debug|ARM64.ActiveCfg = Debug|x64
		{0429EEA4-3D82-47CA-A312-99D56A0552B6}.Debug|ARM64.Build.0 = Debug|x64
		{0429EEA4-3D82-47CA-A312-99D56A0552B6}.Debug|x64.ActiveCfg = Debug|x64
		{0429EEA4-3D82-47CA-A312-99D56A0552B6}.Debug|x64.Build.0 = Debug|x64
		{0429EEA4-3D82-47CA-A312-99D56A0552B6}.Debug|x86.ActiveCfg = Debug|Win32
		{0429EEA4-3D82-47CA-A312-99D56A0552B6}.Debug|x86.Build.0 = Debug|Win32
		{0429EEA4-3D82-47CA-A312-99D56A0552B6}.Release|ARM64.ActiveCfg = Release|x64
		{0429EEA4-3D82-47CA-A312-99D56A0552B6}.Release|ARM64.Build.0 = Release|x64
		{0429EEA4-3D82-47CA-A312-99D56A0552B6}.Release|x64.ActiveCfg = Release|x64
		{0429EEA4-3D82-47CA-A312-99D56A0552B6}.Release|x64.Build.0 = Release|x64
		{0429EEA4-3D82-47CA-A312-99D56A0552B6}.Release|x86.ActiveCfg = Release|Win32
		{0429EEA4-3D82-47CA-A312-99D56A0552B6}.Release|x86.Build.0 = Release|Win32
		{AEE9C6FC-C67B-4001-A5FA-BCACC78995DA}.Debug|ARM64.ActiveCfg = Debug|x64
		{AEE9C6FC-C67B-4001-A5FA-BCACC78995DA}.Debug|ARM64.Build.0 = Debug|x64
		{AEE9C6FC-C67B-4001-A5FA-BCACC78995DA}.Debug|x64.ActiveCfg = Debug|x64
		{AEE9C6FC-C67B-4001-A5FA-BCACC78995DA}.Debug|x64.Build.0 = Debug|x64
		{AEE9C6FC-C67B-4001-A5FA-BCACC78995DA}.Debug|x86.ActiveCfg = Debug|Win32
		{AEE9C6FC-C67B-4001-A5FA-BCACC78995DA}.Debug|x86.Build.0 = Debug|Win32
		{AEE9C6FC-C67B-4001-A5FA-BCACC78995DA}.Release|ARM64.ActiveCfg = Release|x64
		{AEE9C6FC-C67B-4001-A5FA-BCACC78995DA}.Release|ARM64.Build.0 = Release|x64
		{AEE9C6FC-C67B-4001-A5FA-BCACC78995DA}.Release|x64.ActiveCfg = Release|x64
		{AEE9C6FC-C67B-4001-A5FA-BCACC78995DA}.Release|x64.Build.0 = Release|x64
		{AEE9C6FC-C67B-4001-A5FA-BCACC78995DA}.Release|x86.ActiveCfg = Release|Win32
		{AEE9C6FC-C67B-4001-A5FA-BCACC78995DA}.Release|x86.Build.0 = Release|Win32
	EndGlobalSection
	GlobalSection(SolutionProperties) = preSolution
		HideSolutionNode = FALSE
	EndGlobalSection
	GlobalSection(ExtensibilityGlobals) = postSolution
		SolutionGuid = {4CD7DE34-A2D6-4AED-8AD0-2D6DBDCEC139}
	EndGlobalSection
EndGlobal
