<?xml version="1.0" encoding="utf-8"?>
<Project ToolsVersion="4.0" xmlns="http://schemas.microsoft.com/developer/msbuild/2003">
  <ItemGroup>
    <Filter Include="Header Files">
      <UniqueIdentifier>{93995380-89BD-4b04-88EB-625FBE52EBFB}</UniqueIdentifier>
      <Extensions>h;hh;hpp;hxx;h++;hm;inl;inc;ipp;xsd</Extensions>
    </Filter>
    <Filter Include="Resource Files">
      <UniqueIdentifier>{67DA6AB6-F800-4c08-8B7A-83BB121AAD01}</UniqueIdentifier>
      <Extensions>rc;ico;cur;bmp;dlg;rc2;rct;bin;rgs;gif;jpg;jpeg;jpe;resx;tiff;tif;png;wav;mfcribbon-ms</Extensions>
    </Filter>
    <Filter Include="Proc">
      <UniqueIdentifier>{931737e7-1f23-43dc-a703-61b74e07c152}</UniqueIdentifier>
    </Filter>
    <Filter Include="PCH">
      <UniqueIdentifier>{9e891f1b-9d97-4d7b-8050-243a0f0ee36f}</UniqueIdentifier>
    </Filter>
    <Filter Include="SystemProc">
      <UniqueIdentifier>{b411a731-9922-4700-ad28-e03c0d8d4daa}</UniqueIdentifier>
    </Filter>
  </ItemGroup>
  <ItemGroup>
    <ClInclude Include="framework.h">
      <Filter>Header Files</Filter>
    </ClInclude>
    <ClInclude Include="targetver.h">
      <Filter>Header Files</Filter>
    </ClInclude>
    <ClInclude Include="Resource.h">
      <Filter>Header Files</Filter>
    </ClInclude>
    <ClInclude Include="pch.h">
      <Filter>PCH</Filter>
    </ClInclude>
    <ClInclude Include="AboutProc.h">
      <Filter>Proc</Filter>
    </ClInclude>
    <ClInclude Include="MainProc.h">
      <Filter>Proc</Filter>
    </ClInclude>
    <ClInclude Include="4st_wnd_Project.h">
      <Filter>SystemProc</Filter>
    </ClInclude>
  </ItemGroup>
  <ItemGroup>
    <ClCompile Include="MainProc.cpp">
      <Filter>Proc</Filter>
    </ClCompile>
    <ClCompile Include="AboutProc.cpp">
      <Filter>Proc</Filter>
    </ClCompile>
    <ClCompile Include="4st_wnd_Project.cpp">
      <Filter>SystemProc</Filter>
    </ClCompile>
    <ClCompile Include="pch.cpp">
      <Filter>PCH</Filter>
    </ClCompile>
  </ItemGroup>
  <ItemGroup>
    <ResourceCompile Include="4st_wnd_Project.rc">
      <Filter>Resource Files</Filter>
    </ResourceCompile>
  </ItemGroup>
  <ItemGroup>
    <Image Include="small.ico">
      <Filter>Resource Files</Filter>
    </Image>
    <Image Include="4st_wnd_Project.ico">
      <Filter>Resource Files</Filter>
    </Image>
  </ItemGroup>
</Project>