
Microsoft Visual Studio Solution File, Format Version 12.00
# Visual Studio Version 17
VisualStudioVersion = 17.13.35806.99
MinimumVisualStudioVersion = 10.0.40219.1
Project("{8BC9CEB8-8B4A-11D0-8D11-00A0C91BC942}") = "1_First_Project", "First_Project\First_Project.vcxproj", "{A7F14D0F-986B-44EB-AED3-9DEE36BAA9FA}"
EndProject
Project("{8BC9CEB8-8B4A-11D0-8D11-00A0C91BC942}") = "2_Second_Project", "Second_Project\Second_Project.vcxproj", "{E6B32382-20C2-4F1F-80FC-7DBBA1AE7D34}"
EndProject
Project("{8BC9CEB8-8B4A-11D0-8D11-00A0C91BC942}") = "3_Third_Project", "Third_Project\Third_Project.vcxproj", "{2923F350-980B-40C1-B9A1-7534B43AEF2C}"
EndProject
Project("{8BC9CEB8-8B4A-11D0-8D11-00A0C91BC942}") = "4_Fourth_Project", "Fourth_Project\Fourth_Project.vcxproj", "{21AC7C7C-8F18-410D-961B-694D83D83579}"
EndProject
Project("{8BC9CEB8-8B4A-11D0-8D11-00A0C91BC942}") = "5_Fifth_Project", "5_Fifth_Project\5_Fifth_Project.vcxproj", "{8DCD0414-7968-4B30-AB24-5C08DA663633}"
EndProject
Project("{2150E333-8FDC-42A3-9474-1A3956D46DE8}") = "0.윈도우생성단계별", "0.윈도우생성단계별", "{C8D5274F-AC00-46C7-1F8D-E88E81087A52}"
EndProject
Project("{2150E333-8FDC-42A3-9474-1A3956D46DE8}") = "2.윈도우_GDI기초", "2.윈도우_GDI기초", "{8358C21D-4F32-4B49-9E90-5A3BC83A7AF8}"
EndProject
Project("{8BC9CEB8-8B4A-11D0-8D11-00A0C91BC942}") = "WP_PixelOutput", "WP_PixelOutput\WP_PixelOutput.vcxproj", "{2C219FFD-E026-4FAB-8DFE-2C782A3AFFFF}"
EndProject
Project("{2150E333-8FDC-42A3-9474-1A3956D46DE8}") = "1.Console", "1.Console", "{CBCBBCCB-0D82-4FBD-9CC9-573CA0458632}"
EndProject
Project("{8BC9CEB8-8B4A-11D0-8D11-00A0C91BC942}") = "CmdProject_Numbers", "CmdProject_Numbers\CmdProject_Numbers.vcxproj", "{CA54C6C1-C41B-4F8F-9660-E90C311FA1D5}"
EndProject
Project("{8BC9CEB8-8B4A-11D0-8D11-00A0C91BC942}") = "01.WP_LineOutput", "C:\Users\hwang\Downloads\StepByStep\StepByStep\WP_LineOutput\WP_LineOutput.vcxproj", "{0429EEA4-3D82-47CA-A312-99D56A0552B6}"
EndProject
Project("{8BC9CEB8-8B4A-11D0-8D11-00A0C91BC942}") = "03.WP_Clock_02", "WP_Clock_02\WP_Clock_02.vcxproj", "{B058B6D9-7AE1-441C-9AE8-A838E341E5FB}"
EndProject
Project("{8BC9CEB8-8B4A-11D0-8D11-00A0C91BC942}") = "02.WP_Clock01", "C:\Users\hwang\Downloads\StepByStep\StepByStep\WP_Clock01\WP_Clock01.vcxproj", "{AEE9C6FC-C67B-4001-A5FA-BCACC78995DA}"
EndProject
Project("{2150E333-8FDC-42A3-9474-1A3956D46DE8}") = "시계", "시계", "{0A6533E0-7C9E-451A-994D-F7FFC457361A}"
EndProject
Project("{8BC9CEB8-8B4A-11D0-8D11-00A0C91BC942}") = "WP_SinCos", "WP_SinCos\WP_SinCos.vcxproj", "{2726DB41-E2DD-4211-838A-4E4D27444A6D}"
EndProject
Project("{8BC9CEB8-8B4A-11D0-8D11-00A0C91BC942}") = "5.WP_AnalogClock_01", "WP_AnalogClock_01\WP_AnalogClock_01.vcxproj", "{F4EF4310-3760-45DB-BAE7-D78C63FCF84E}"
EndProject
Project("{8BC9CEB8-8B4A-11D0-8D11-00A0C91BC942}") = "7.WP_AnalogClock_03", "WP_AnalogClock_03\WP_AnalogClock_03.vcxproj", "{F5069A86-52FE-476F-9925-2B9C61990A48}"
EndProject
Project("{2150E333-8FDC-42A3-9474-1A3956D46DE8}") = "GDI", "GDI", "{FC4CF381-5728-46C8-A169-623473E8379C}"
EndProject
Project("{2150E333-8FDC-42A3-9474-1A3956D46DE8}") = "3.윈도우_MSG처리", "3.윈도우_MSG처리", "{899A41A8-2E9A-4CE7-B6BF-F1BA737B7114}"
EndProject
Project("{2150E333-8FDC-42A3-9474-1A3956D46DE8}") = "입력장치", "입력장치", "{B2CE2B28-7BA1-401D-8801-9D621B09692C}"
EndProject
Project("{8BC9CEB8-8B4A-11D0-8D11-00A0C91BC942}") = "1.WP_Mouse_01", "WP_Mouse_01\WP_Mouse_01.vcxproj", "{815D0A0F-EB3A-4CA2-942D-DDA902EA3F8D}"
EndProject
Project("{8BC9CEB8-8B4A-11D0-8D11-00A0C91BC942}") = "2.WP_Mouse_02", "WP_Mouse_02\WP_Mouse_02.vcxproj", "{C405AB3A-0C71-4A3D-8FA5-8B9938E40A2D}"
EndProject
Project("{8BC9CEB8-8B4A-11D0-8D11-00A0C91BC942}") = "3.WP_Keyboard_01", "WP_Keyboard_01\WP_Keyboard_01.vcxproj", "{E6CD7BCB-3BF9-419C-8B97-7B03C18BA8F2}"
EndProject
Project("{8BC9CEB8-8B4A-11D0-8D11-00A0C91BC942}") = "4.WP_Mouse_03", "WP_Mouse_03\WP_Mouse_03.vcxproj", "{0020D82E-87B5-4403-AADC-749F37498704}"
EndProject
Project("{8BC9CEB8-8B4A-11D0-8D11-00A0C91BC942}") = "1.WP_GameLoop_01", "WP_GameLoop_01\WP_GameLoop_01.vcxproj", "{F37B0FD2-6D4B-4B0D-B93B-352819C6F48B}"
EndProject
Global
	GlobalSection(SolutionConfigurationPlatforms) = preSolution
		Debug|x64 = Debug|x64
		Debug|x86 = Debug|x86
		Release|x64 = Release|x64
		Release|x86 = Release|x86
	EndGlobalSection
	GlobalSection(ProjectConfigurationPlatforms) = postSolution
		{A7F14D0F-986B-44EB-AED3-9DEE36BAA9FA}.Debug|x64.ActiveCfg = Debug|x64
		{A7F14D0F-986B-44EB-AED3-9DEE36BAA9FA}.Debug|x64.Build.0 = Debug|x64
		{A7F14D0F-986B-44EB-AED3-9DEE36BAA9FA}.Debug|x86.ActiveCfg = Debug|Win32
		{A7F14D0F-986B-44EB-AED3-9DEE36BAA9FA}.Debug|x86.Build.0 = Debug|Win32
		{A7F14D0F-986B-44EB-AED3-9DEE36BAA9FA}.Release|x64.ActiveCfg = Release|x64
		{A7F14D0F-986B-44EB-AED3-9DEE36BAA9FA}.Release|x64.Build.0 = Release|x64
		{A7F14D0F-986B-44EB-AED3-9DEE36BAA9FA}.Release|x86.ActiveCfg = Release|Win32
		{A7F14D0F-986B-44EB-AED3-9DEE36BAA9FA}.Release|x86.Build.0 = Release|Win32
		{E6B32382-20C2-4F1F-80FC-7DBBA1AE7D34}.Debug|x64.ActiveCfg = Debug|x64
		{E6B32382-20C2-4F1F-80FC-7DBBA1AE7D34}.Debug|x64.Build.0 = Debug|x64
		{E6B32382-20C2-4F1F-80FC-7DBBA1AE7D34}.Debug|x86.ActiveCfg = Debug|Win32
		{E6B32382-20C2-4F1F-80FC-7DBBA1AE7D34}.Debug|x86.Build.0 = Debug|Win32
		{E6B32382-20C2-4F1F-80FC-7DBBA1AE7D34}.Release|x64.ActiveCfg = Release|x64
		{E6B32382-20C2-4F1F-80FC-7DBBA1AE7D34}.Release|x64.Build.0 = Release|x64
		{E6B32382-20C2-4F1F-80FC-7DBBA1AE7D34}.Release|x86.ActiveCfg = Release|Win32
		{E6B32382-20C2-4F1F-80FC-7DBBA1AE7D34}.Release|x86.Build.0 = Release|Win32
		{2923F350-980B-40C1-B9A1-7534B43AEF2C}.Debug|x64.ActiveCfg = Debug|x64
		{2923F350-980B-40C1-B9A1-7534B43AEF2C}.Debug|x64.Build.0 = Debug|x64
		{2923F350-980B-40C1-B9A1-7534B43AEF2C}.Debug|x86.ActiveCfg = Debug|Win32
		{2923F350-980B-40C1-B9A1-7534B43AEF2C}.Debug|x86.Build.0 = Debug|Win32
		{2923F350-980B-40C1-B9A1-7534B43AEF2C}.Release|x64.ActiveCfg = Release|x64
		{2923F350-980B-40C1-B9A1-7534B43AEF2C}.Release|x64.Build.0 = Release|x64
		{2923F350-980B-40C1-B9A1-7534B43AEF2C}.Release|x86.ActiveCfg = Release|Win32
		{2923F350-980B-40C1-B9A1-7534B43AEF2C}.Release|x86.Build.0 = Release|Win32
		{21AC7C7C-8F18-410D-961B-694D83D83579}.Debug|x64.ActiveCfg = Debug|x64
		{21AC7C7C-8F18-410D-961B-694D83D83579}.Debug|x64.Build.0 = Debug|x64
		{21AC7C7C-8F18-410D-961B-694D83D83579}.Debug|x86.ActiveCfg = Debug|Win32
		{21AC7C7C-8F18-410D-961B-694D83D83579}.Debug|x86.Build.0 = Debug|Win32
		{21AC7C7C-8F18-410D-961B-694D83D83579}.Release|x64.ActiveCfg = Release|x64
		{21AC7C7C-8F18-410D-961B-694D83D83579}.Release|x64.Build.0 = Release|x64
		{21AC7C7C-8F18-410D-961B-694D83D83579}.Release|x86.ActiveCfg = Release|Win32
		{21AC7C7C-8F18-410D-961B-694D83D83579}.Release|x86.Build.0 = Release|Win32
		{8DCD0414-7968-4B30-AB24-5C08DA663633}.Debug|x64.ActiveCfg = Debug|x64
		{8DCD0414-7968-4B30-AB24-5C08DA663633}.Debug|x64.Build.0 = Debug|x64
		{8DCD0414-7968-4B30-AB24-5C08DA663633}.Debug|x86.ActiveCfg = Debug|Win32
		{8DCD0414-7968-4B30-AB24-5C08DA663633}.Debug|x86.Build.0 = Debug|Win32
		{8DCD0414-7968-4B30-AB24-5C08DA663633}.Release|x64.ActiveCfg = Release|x64
		{8DCD0414-7968-4B30-AB24-5C08DA663633}.Release|x64.Build.0 = Release|x64
		{8DCD0414-7968-4B30-AB24-5C08DA663633}.Release|x86.ActiveCfg = Release|Win32
		{8DCD0414-7968-4B30-AB24-5C08DA663633}.Release|x86.Build.0 = Release|Win32
		{2C219FFD-E026-4FAB-8DFE-2C782A3AFFFF}.Debug|x64.ActiveCfg = Debug|x64
		{2C219FFD-E026-4FAB-8DFE-2C782A3AFFFF}.Debug|x64.Build.0 = Debug|x64
		{2C219FFD-E026-4FAB-8DFE-2C782A3AFFFF}.Debug|x86.ActiveCfg = Debug|Win32
		{2C219FFD-E026-4FAB-8DFE-2C782A3AFFFF}.Debug|x86.Build.0 = Debug|Win32
		{2C219FFD-E026-4FAB-8DFE-2C782A3AFFFF}.Release|x64.ActiveCfg = Release|x64
		{2C219FFD-E026-4FAB-8DFE-2C782A3AFFFF}.Release|x64.Build.0 = Release|x64
		{2C219FFD-E026-4FAB-8DFE-2C782A3AFFFF}.Release|x86.ActiveCfg = Release|Win32
		{2C219FFD-E026-4FAB-8DFE-2C782A3AFFFF}.Release|x86.Build.0 = Release|Win32
		{CA54C6C1-C41B-4F8F-9660-E90C311FA1D5}.Debug|x64.ActiveCfg = Debug|x64
		{CA54C6C1-C41B-4F8F-9660-E90C311FA1D5}.Debug|x64.Build.0 = Debug|x64
		{CA54C6C1-C41B-4F8F-9660-E90C311FA1D5}.Debug|x86.ActiveCfg = Debug|Win32
		{CA54C6C1-C41B-4F8F-9660-E90C311FA1D5}.Debug|x86.Build.0 = Debug|Win32
		{CA54C6C1-C41B-4F8F-9660-E90C311FA1D5}.Release|x64.ActiveCfg = Release|x64
		{CA54C6C1-C41B-4F8F-9660-E90C311FA1D5}.Release|x64.Build.0 = Release|x64
		{CA54C6C1-C41B-4F8F-9660-E90C311FA1D5}.Release|x86.ActiveCfg = Release|Win32
		{CA54C6C1-C41B-4F8F-9660-E90C311FA1D5}.Release|x86.Build.0 = Release|Win32
		{0429EEA4-3D82-47CA-A312-99D56A0552B6}.Debug|x64.ActiveCfg = Debug|x64
		{0429EEA4-3D82-47CA-A312-99D56A0552B6}.Debug|x64.Build.0 = Debug|x64
		{0429EEA4-3D82-47CA-A312-99D56A0552B6}.Debug|x86.ActiveCfg = Debug|Win32
		{0429EEA4-3D82-47CA-A312-99D56A0552B6}.Debug|x86.Build.0 = Debug|Win32
		{0429EEA4-3D82-47CA-A312-99D56A0552B6}.Release|x64.ActiveCfg = Release|x64
		{0429EEA4-3D82-47CA-A312-99D56A0552B6}.Release|x64.Build.0 = Release|x64
		{0429EEA4-3D82-47CA-A312-99D56A0552B6}.Release|x86.ActiveCfg = Release|Win32
		{0429EEA4-3D82-47CA-A312-99D56A0552B6}.Release|x86.Build.0 = Release|Win32
		{B058B6D9-7AE1-441C-9AE8-A838E341E5FB}.Debug|x64.ActiveCfg = Debug|x64
		{B058B6D9-7AE1-441C-9AE8-A838E341E5FB}.Debug|x64.Build.0 = Debug|x64
		{B058B6D9-7AE1-441C-9AE8-A838E341E5FB}.Debug|x86.ActiveCfg = Debug|Win32
		{B058B6D9-7AE1-441C-9AE8-A838E341E5FB}.Debug|x86.Build.0 = Debug|Win32
		{B058B6D9-7AE1-441C-9AE8-A838E341E5FB}.Release|x64.ActiveCfg = Release|x64
		{B058B6D9-7AE1-441C-9AE8-A838E341E5FB}.Release|x64.Build.0 = Release|x64
		{B058B6D9-7AE1-441C-9AE8-A838E341E5FB}.Release|x86.ActiveCfg = Release|Win32
		{B058B6D9-7AE1-441C-9AE8-A838E341E5FB}.Release|x86.Build.0 = Release|Win32
		{AEE9C6FC-C67B-4001-A5FA-BCACC78995DA}.Debug|x64.ActiveCfg = Debug|x64
		{AEE9C6FC-C67B-4001-A5FA-BCACC78995DA}.Debug|x64.Build.0 = Debug|x64
		{AEE9C6FC-C67B-4001-A5FA-BCACC78995DA}.Debug|x86.ActiveCfg = Debug|Win32
		{AEE9C6FC-C67B-4001-A5FA-BCACC78995DA}.Debug|x86.Build.0 = Debug|Win32
		{AEE9C6FC-C67B-4001-A5FA-BCACC78995DA}.Release|x64.ActiveCfg = Release|x64
		{AEE9C6FC-C67B-4001-A5FA-BCACC78995DA}.Release|x64.Build.0 = Release|x64
		{AEE9C6FC-C67B-4001-A5FA-BCACC78995DA}.Release|x86.ActiveCfg = Release|Win32
		{AEE9C6FC-C67B-4001-A5FA-BCACC78995DA}.Release|x86.Build.0 = Release|Win32
		{2726DB41-E2DD-4211-838A-4E4D27444A6D}.Debug|x64.ActiveCfg = Debug|x64
		{2726DB41-E2DD-4211-838A-4E4D27444A6D}.Debug|x64.Build.0 = Debug|x64
		{2726DB41-E2DD-4211-838A-4E4D27444A6D}.Debug|x86.ActiveCfg = Debug|Win32
		{2726DB41-E2DD-4211-838A-4E4D27444A6D}.Debug|x86.Build.0 = Debug|Win32
		{2726DB41-E2DD-4211-838A-4E4D27444A6D}.Release|x64.ActiveCfg = Release|x64
		{2726DB41-E2DD-4211-838A-4E4D27444A6D}.Release|x64.Build.0 = Release|x64
		{2726DB41-E2DD-4211-838A-4E4D27444A6D}.Release|x86.ActiveCfg = Release|Win32
		{2726DB41-E2DD-4211-838A-4E4D27444A6D}.Release|x86.Build.0 = Release|Win32
		{F4EF4310-3760-45DB-BAE7-D78C63FCF84E}.Debug|x64.ActiveCfg = Debug|x64
		{F4EF4310-3760-45DB-BAE7-D78C63FCF84E}.Debug|x64.Build.0 = Debug|x64
		{F4EF4310-3760-45DB-BAE7-D78C63FCF84E}.Debug|x86.ActiveCfg = Debug|Win32
		{F4EF4310-3760-45DB-BAE7-D78C63FCF84E}.Debug|x86.Build.0 = Debug|Win32
		{F4EF4310-3760-45DB-BAE7-D78C63FCF84E}.Release|x64.ActiveCfg = Release|x64
		{F4EF4310-3760-45DB-BAE7-D78C63FCF84E}.Release|x64.Build.0 = Release|x64
		{F4EF4310-3760-45DB-BAE7-D78C63FCF84E}.Release|x86.ActiveCfg = Release|Win32
		{F4EF4310-3760-45DB-BAE7-D78C63FCF84E}.Release|x86.Build.0 = Release|Win32
		{F5069A86-52FE-476F-9925-2B9C61990A48}.Debug|x64.ActiveCfg = Debug|x64
		{F5069A86-52FE-476F-9925-2B9C61990A48}.Debug|x64.Build.0 = Debug|x64
		{F5069A86-52FE-476F-9925-2B9C61990A48}.Debug|x86.ActiveCfg = Debug|Win32
		{F5069A86-52FE-476F-9925-2B9C61990A48}.Debug|x86.Build.0 = Debug|Win32
		{F5069A86-52FE-476F-9925-2B9C61990A48}.Release|x64.ActiveCfg = Release|x64
		{F5069A86-52FE-476F-9925-2B9C61990A48}.Release|x64.Build.0 = Release|x64
		{F5069A86-52FE-476F-9925-2B9C61990A48}.Release|x86.ActiveCfg = Release|Win32
		{F5069A86-52FE-476F-9925-2B9C61990A48}.Release|x86.Build.0 = Release|Win32
		{815D0A0F-EB3A-4CA2-942D-DDA902EA3F8D}.Debug|x64.ActiveCfg = Debug|x64
		{815D0A0F-EB3A-4CA2-942D-DDA902EA3F8D}.Debug|x64.Build.0 = Debug|x64
		{815D0A0F-EB3A-4CA2-942D-DDA902EA3F8D}.Debug|x86.ActiveCfg = Debug|Win32
		{815D0A0F-EB3A-4CA2-942D-DDA902EA3F8D}.Debug|x86.Build.0 = Debug|Win32
		{815D0A0F-EB3A-4CA2-942D-DDA902EA3F8D}.Release|x64.ActiveCfg = Release|x64
		{815D0A0F-EB3A-4CA2-942D-DDA902EA3F8D}.Release|x64.Build.0 = Release|x64
		{815D0A0F-EB3A-4CA2-942D-DDA902EA3F8D}.Release|x86.ActiveCfg = Release|Win32
		{815D0A0F-EB3A-4CA2-942D-DDA902EA3F8D}.Release|x86.Build.0 = Release|Win32
		{C405AB3A-0C71-4A3D-8FA5-8B9938E40A2D}.Debug|x64.ActiveCfg = Debug|x64
		{C405AB3A-0C71-4A3D-8FA5-8B9938E40A2D}.Debug|x64.Build.0 = Debug|x64
		{C405AB3A-0C71-4A3D-8FA5-8B9938E40A2D}.Debug|x86.ActiveCfg = Debug|Win32
		{C405AB3A-0C71-4A3D-8FA5-8B9938E40A2D}.Debug|x86.Build.0 = Debug|Win32
		{C405AB3A-0C71-4A3D-8FA5-8B9938E40A2D}.Release|x64.ActiveCfg = Release|x64
		{C405AB3A-0C71-4A3D-8FA5-8B9938E40A2D}.Release|x64.Build.0 = Release|x64
		{C405AB3A-0C71-4A3D-8FA5-8B9938E40A2D}.Release|x86.ActiveCfg = Release|Win32
		{C405AB3A-0C71-4A3D-8FA5-8B9938E40A2D}.Release|x86.Build.0 = Release|Win32
		{E6CD7BCB-3BF9-419C-8B97-7B03C18BA8F2}.Debug|x64.ActiveCfg = Debug|x64
		{E6CD7BCB-3BF9-419C-8B97-7B03C18BA8F2}.Debug|x64.Build.0 = Debug|x64
		{E6CD7BCB-3BF9-419C-8B97-7B03C18BA8F2}.Debug|x86.ActiveCfg = Debug|Win32
		{E6CD7BCB-3BF9-419C-8B97-7B03C18BA8F2}.Debug|x86.Build.0 = Debug|Win32
		{E6CD7BCB-3BF9-419C-8B97-7B03C18BA8F2}.Release|x64.ActiveCfg = Release|x64
		{E6CD7BCB-3BF9-419C-8B97-7B03C18BA8F2}.Release|x64.Build.0 = Release|x64
		{E6CD7BCB-3BF9-419C-8B97-7B03C18BA8F2}.Release|x86.ActiveCfg = Release|Win32
		{E6CD7BCB-3BF9-419C-8B97-7B03C18BA8F2}.Release|x86.Build.0 = Release|Win32
		{0020D82E-87B5-4403-AADC-749F37498704}.Debug|x64.ActiveCfg = Debug|x64
		{0020D82E-87B5-4403-AADC-749F37498704}.Debug|x64.Build.0 = Debug|x64
		{0020D82E-87B5-4403-AADC-749F37498704}.Debug|x86.ActiveCfg = Debug|Win32
		{0020D82E-87B5-4403-AADC-749F37498704}.Debug|x86.Build.0 = Debug|Win32
		{0020D82E-87B5-4403-AADC-749F37498704}.Release|x64.ActiveCfg = Release|x64
		{0020D82E-87B5-4403-AADC-749F37498704}.Release|x64.Build.0 = Release|x64
		{0020D82E-87B5-4403-AADC-749F37498704}.Release|x86.ActiveCfg = Release|Win32
		{0020D82E-87B5-4403-AADC-749F37498704}.Release|x86.Build.0 = Release|Win32
		{F37B0FD2-6D4B-4B0D-B93B-352819C6F48B}.Debug|x64.ActiveCfg = Debug|x64
		{F37B0FD2-6D4B-4B0D-B93B-352819C6F48B}.Debug|x64.Build.0 = Debug|x64
		{F37B0FD2-6D4B-4B0D-B93B-352819C6F48B}.Debug|x86.ActiveCfg = Debug|Win32
		{F37B0FD2-6D4B-4B0D-B93B-352819C6F48B}.Debug|x86.Build.0 = Debug|Win32
		{F37B0FD2-6D4B-4B0D-B93B-352819C6F48B}.Release|x64.ActiveCfg = Release|x64
		{F37B0FD2-6D4B-4B0D-B93B-352819C6F48B}.Release|x64.Build.0 = Release|x64
		{F37B0FD2-6D4B-4B0D-B93B-352819C6F48B}.Release|x86.ActiveCfg = Release|Win32
		{F37B0FD2-6D4B-4B0D-B93B-352819C6F48B}.Release|x86.Build.0 = Release|Win32
	EndGlobalSection
	GlobalSection(SolutionProperties) = preSolution
		HideSolutionNode = FALSE
	EndGlobalSection
	GlobalSection(NestedProjects) = preSolution
		{A7F14D0F-986B-44EB-AED3-9DEE36BAA9FA} = {C8D5274F-AC00-46C7-1F8D-E88E81087A52}
		{E6B32382-20C2-4F1F-80FC-7DBBA1AE7D34} = {C8D5274F-AC00-46C7-1F8D-E88E81087A52}
		{2923F350-980B-40C1-B9A1-7534B43AEF2C} = {C8D5274F-AC00-46C7-1F8D-E88E81087A52}
		{21AC7C7C-8F18-410D-961B-694D83D83579} = {C8D5274F-AC00-46C7-1F8D-E88E81087A52}
		{8DCD0414-7968-4B30-AB24-5C08DA663633} = {C8D5274F-AC00-46C7-1F8D-E88E81087A52}
		{2C219FFD-E026-4FAB-8DFE-2C782A3AFFFF} = {FC4CF381-5728-46C8-A169-623473E8379C}
		{CA54C6C1-C41B-4F8F-9660-E90C311FA1D5} = {CBCBBCCB-0D82-4FBD-9CC9-573CA0458632}
		{0429EEA4-3D82-47CA-A312-99D56A0552B6} = {FC4CF381-5728-46C8-A169-623473E8379C}
		{B058B6D9-7AE1-441C-9AE8-A838E341E5FB} = {0A6533E0-7C9E-451A-994D-F7FFC457361A}
		{AEE9C6FC-C67B-4001-A5FA-BCACC78995DA} = {0A6533E0-7C9E-451A-994D-F7FFC457361A}
		{0A6533E0-7C9E-451A-994D-F7FFC457361A} = {8358C21D-4F32-4B49-9E90-5A3BC83A7AF8}
		{2726DB41-E2DD-4211-838A-4E4D27444A6D} = {FC4CF381-5728-46C8-A169-623473E8379C}
		{F4EF4310-3760-45DB-BAE7-D78C63FCF84E} = {0A6533E0-7C9E-451A-994D-F7FFC457361A}
		{F5069A86-52FE-476F-9925-2B9C61990A48} = {0A6533E0-7C9E-451A-994D-F7FFC457361A}
		{FC4CF381-5728-46C8-A169-623473E8379C} = {8358C21D-4F32-4B49-9E90-5A3BC83A7AF8}
		{B2CE2B28-7BA1-401D-8801-9D621B09692C} = {899A41A8-2E9A-4CE7-B6BF-F1BA737B7114}
		{815D0A0F-EB3A-4CA2-942D-DDA902EA3F8D} = {B2CE2B28-7BA1-401D-8801-9D621B09692C}
		{C405AB3A-0C71-4A3D-8FA5-8B9938E40A2D} = {B2CE2B28-7BA1-401D-8801-9D621B09692C}
		{E6CD7BCB-3BF9-419C-8B97-7B03C18BA8F2} = {B2CE2B28-7BA1-401D-8801-9D621B09692C}
		{0020D82E-87B5-4403-AADC-749F37498704} = {B2CE2B28-7BA1-401D-8801-9D621B09692C}
	EndGlobalSection
	GlobalSection(ExtensibilityGlobals) = postSolution
		SolutionGuid = {6DC1039F-0F84-4C73-BAA9-D7E5574D2E84}
	EndGlobalSection
EndGlobal
