
Microsoft Visual Studio Solution File, Format Version 12.00
# Visual Studio Version 17
VisualStudioVersion = 17.13.35828.75
MinimumVisualStudioVersion = 10.0.40219.1
Project("{8BC9CEB8-8B4A-11D0-8D11-00A0C91BC942}") = "1st_wnd_Project", "1st_wnd_Project\1st_wnd_Project.vcxproj", "{21D93D4A-B09A-414F-917B-BE584741309D}"
EndProject
Project("{8BC9CEB8-8B4A-11D0-8D11-00A0C91BC942}") = "2nd_wnd_Project", "2nd_wnd_Project\2nd_wnd_Project.vcxproj", "{1ACF296D-9DB5-4CA6-A33E-F19840718B07}"
EndProject
Project("{8BC9CEB8-8B4A-11D0-8D11-00A0C91BC942}") = "3st_wnd_Project", "3st_wnd_Project\3st_wnd_Project.vcxproj", "{6003052A-0684-4B02-B1E5-011EFB49CDC0}"
EndProject
Project("{8BC9CEB8-8B4A-11D0-8D11-00A0C91BC942}") = "4st_wnd_Project", "4st_wnd_Project\4st_wnd_Project.vcxproj", "{77714426-0712-409C-ABB3-F12DFD44E257}"
EndProject
Project("{8BC9CEB8-8B4A-11D0-8D11-00A0C91BC942}") = "5th_wnd_Project", "5th_wnd_Project\5th_wnd_Project.vcxproj", "{086A6C01-B0AA-4D7C-87AB-211B61F409F6}"
EndProject
Project("{2150E333-8FDC-42A3-9474-1A3956D46DE8}") = "0.윈도우생성단계별", "0.윈도우생성단계별", "{C8D5274F-AC00-46C7-1F8D-E88E81087A52}"
EndProject
Project("{2150E333-8FDC-42A3-9474-1A3956D46DE8}") = "1.윈도우_GDI기초", "1.윈도우_GDI기초", "{0E83EE96-AC17-46B6-9938-09560A6290EF}"
EndProject
Project("{8BC9CEB8-8B4A-11D0-8D11-00A0C91BC942}") = "01.WP_PixelOutput", "WP_PixelOutput\WP_PixelOutput.vcxproj", "{5C000E67-E050-4D3E-8693-B820E8ACA367}"
EndProject
Project("{2150E333-8FDC-42A3-9474-1A3956D46DE8}") = "2.Console", "2.Console", "{94322101-E874-42F3-A755-48CF67A9CCAC}"
EndProject
Project("{8BC9CEB8-8B4A-11D0-8D11-00A0C91BC942}") = "CmdProject_Numbers", "CmdProject_Numbers\CmdProject_Numbers.vcxproj", "{6F93F180-1E1B-4134-9D70-5646B0DEF4A6}"
EndProject
Project("{8BC9CEB8-8B4A-11D0-8D11-00A0C91BC942}") = "04.WP_Clock02", "WP_Clock_02\WP_Clock_02.vcxproj", "{D4112828-D858-4109-8352-3B6EF61C36ED}"
EndProject
Project("{8BC9CEB8-8B4A-11D0-8D11-00A0C91BC942}") = "03.WP_Clock01", "WP_Clock01\WP_Clock01.vcxproj", "{AEE9C6FC-C67B-4001-A5FA-BCACC78995DA}"
EndProject
Project("{8BC9CEB8-8B4A-11D0-8D11-00A0C91BC942}") = "02.WP_LineOutput", "WP_LineOutput\WP_LineOutput.vcxproj", "{0429EEA4-3D82-47CA-A312-99D56A0552B6}"
EndProject
Project("{2150E333-8FDC-42A3-9474-1A3956D46DE8}") = "시계", "시계", "{004F5C8D-98AE-4C78-97E4-C7BC0D3BAB30}"
EndProject
Project("{8BC9CEB8-8B4A-11D0-8D11-00A0C91BC942}") = "05.WP_SinCos", "05.WP_SinCos\05.WP_SinCos.vcxproj", "{A1A4AC6A-5120-49F9-93CD-CAF989A4EF2D}"
EndProject
Project("{8BC9CEB8-8B4A-11D0-8D11-00A0C91BC942}") = "06.WP_AnalogClock_01", "WP_AnalogClock_01\WP_AnalogClock_01.vcxproj", "{F4EF4310-3760-45DB-BAE7-D78C63FCF84E}"
EndProject
Project("{8BC9CEB8-8B4A-11D0-8D11-00A0C91BC942}") = "07.WP_AnalogClock_02", "WP_AnalogClick_07\WP_AnalogClick_07.vcxproj", "{5693B981-4B67-48B8-96C7-F42D9B104F01}"
EndProject
Global
	GlobalSection(SolutionConfigurationPlatforms) = preSolution
		Debug|ARM64 = Debug|ARM64
		Debug|x64 = Debug|x64
		Debug|x86 = Debug|x86
		Release|ARM64 = Release|ARM64
		Release|x64 = Release|x64
		Release|x86 = Release|x86
	EndGlobalSection
	GlobalSection(ProjectConfigurationPlatforms) = postSolution
		{21D93D4A-B09A-414F-917B-BE584741309D}.Debug|ARM64.ActiveCfg = Debug|ARM64
		{21D93D4A-B09A-414F-917B-BE584741309D}.Debug|ARM64.Build.0 = Debug|ARM64
		{21D93D4A-B09A-414F-917B-BE584741309D}.Debug|x64.ActiveCfg = Debug|x64
		{21D93D4A-B09A-414F-917B-BE584741309D}.Debug|x64.Build.0 = Debug|x64
		{21D93D4A-B09A-414F-917B-BE584741309D}.Debug|x86.ActiveCfg = Debug|Win32
		{21D93D4A-B09A-414F-917B-BE584741309D}.Debug|x86.Build.0 = Debug|Win32
		{21D93D4A-B09A-414F-917B-BE584741309D}.Release|ARM64.ActiveCfg = Release|ARM64
		{21D93D4A-B09A-414F-917B-BE584741309D}.Release|ARM64.Build.0 = Release|ARM64
		{21D93D4A-B09A-414F-917B-BE584741309D}.Release|x64.ActiveCfg = Release|x64
		{21D93D4A-B09A-414F-917B-BE584741309D}.Release|x64.Build.0 = Release|x64
		{21D93D4A-B09A-414F-917B-BE584741309D}.Release|x86.ActiveCfg = Release|Win32
		{21D93D4A-B09A-414F-917B-BE584741309D}.Release|x86.Build.0 = Release|Win32
		{1ACF296D-9DB5-4CA6-A33E-F19840718B07}.Debug|ARM64.ActiveCfg = Debug|ARM64
		{1ACF296D-9DB5-4CA6-A33E-F19840718B07}.Debug|ARM64.Build.0 = Debug|ARM64
		{1ACF296D-9DB5-4CA6-A33E-F19840718B07}.Debug|x64.ActiveCfg = Debug|x64
		{1ACF296D-9DB5-4CA6-A33E-F19840718B07}.Debug|x64.Build.0 = Debug|x64
		{1ACF296D-9DB5-4CA6-A33E-F19840718B07}.Debug|x86.ActiveCfg = Debug|Win32
		{1ACF296D-9DB5-4CA6-A33E-F19840718B07}.Debug|x86.Build.0 = Debug|Win32
		{1ACF296D-9DB5-4CA6-A33E-F19840718B07}.Release|ARM64.ActiveCfg = Release|ARM64
		{1ACF296D-9DB5-4CA6-A33E-F19840718B07}.Release|ARM64.Build.0 = Release|ARM64
		{1ACF296D-9DB5-4CA6-A33E-F19840718B07}.Release|x64.ActiveCfg = Release|x64
		{1ACF296D-9DB5-4CA6-A33E-F19840718B07}.Release|x64.Build.0 = Release|x64
		{1ACF296D-9DB5-4CA6-A33E-F19840718B07}.Release|x86.ActiveCfg = Release|Win32
		{1ACF296D-9DB5-4CA6-A33E-F19840718B07}.Release|x86.Build.0 = Release|Win32
		{6003052A-0684-4B02-B1E5-011EFB49CDC0}.Debug|ARM64.ActiveCfg = Debug|ARM64
		{6003052A-0684-4B02-B1E5-011EFB49CDC0}.Debug|ARM64.Build.0 = Debug|ARM64
		{6003052A-0684-4B02-B1E5-011EFB49CDC0}.Debug|x64.ActiveCfg = Debug|x64
		{6003052A-0684-4B02-B1E5-011EFB49CDC0}.Debug|x64.Build.0 = Debug|x64
		{6003052A-0684-4B02-B1E5-011EFB49CDC0}.Debug|x86.ActiveCfg = Debug|Win32
		{6003052A-0684-4B02-B1E5-011EFB49CDC0}.Debug|x86.Build.0 = Debug|Win32
		{6003052A-0684-4B02-B1E5-011EFB49CDC0}.Release|ARM64.ActiveCfg = Release|ARM64
		{6003052A-0684-4B02-B1E5-011EFB49CDC0}.Release|ARM64.Build.0 = Release|ARM64
		{6003052A-0684-4B02-B1E5-011EFB49CDC0}.Release|x64.ActiveCfg = Release|x64
		{6003052A-0684-4B02-B1E5-011EFB49CDC0}.Release|x64.Build.0 = Release|x64
		{6003052A-0684-4B02-B1E5-011EFB49CDC0}.Release|x86.ActiveCfg = Release|Win32
		{6003052A-0684-4B02-B1E5-011EFB49CDC0}.Release|x86.Build.0 = Release|Win32
		{77714426-0712-409C-ABB3-F12DFD44E257}.Debug|ARM64.ActiveCfg = Debug|ARM64
		{77714426-0712-409C-ABB3-F12DFD44E257}.Debug|ARM64.Build.0 = Debug|ARM64
		{77714426-0712-409C-ABB3-F12DFD44E257}.Debug|x64.ActiveCfg = Debug|x64
		{77714426-0712-409C-ABB3-F12DFD44E257}.Debug|x64.Build.0 = Debug|x64
		{77714426-0712-409C-ABB3-F12DFD44E257}.Debug|x86.ActiveCfg = Debug|Win32
		{77714426-0712-409C-ABB3-F12DFD44E257}.Debug|x86.Build.0 = Debug|Win32
		{77714426-0712-409C-ABB3-F12DFD44E257}.Release|ARM64.ActiveCfg = Release|ARM64
		{77714426-0712-409C-ABB3-F12DFD44E257}.Release|ARM64.Build.0 = Release|ARM64
		{77714426-0712-409C-ABB3-F12DFD44E257}.Release|x64.ActiveCfg = Release|x64
		{77714426-0712-409C-ABB3-F12DFD44E257}.Release|x64.Build.0 = Release|x64
		{77714426-0712-409C-ABB3-F12DFD44E257}.Release|x86.ActiveCfg = Release|Win32
		{77714426-0712-409C-ABB3-F12DFD44E257}.Release|x86.Build.0 = Release|Win32
		{086A6C01-B0AA-4D7C-87AB-211B61F409F6}.Debug|ARM64.ActiveCfg = Debug|ARM64
		{086A6C01-B0AA-4D7C-87AB-211B61F409F6}.Debug|ARM64.Build.0 = Debug|ARM64
		{086A6C01-B0AA-4D7C-87AB-211B61F409F6}.Debug|x64.ActiveCfg = Debug|x64
		{086A6C01-B0AA-4D7C-87AB-211B61F409F6}.Debug|x64.Build.0 = Debug|x64
		{086A6C01-B0AA-4D7C-87AB-211B61F409F6}.Debug|x86.ActiveCfg = Debug|Win32
		{086A6C01-B0AA-4D7C-87AB-211B61F409F6}.Debug|x86.Build.0 = Debug|Win32
		{086A6C01-B0AA-4D7C-87AB-211B61F409F6}.Release|ARM64.ActiveCfg = Release|ARM64
		{086A6C01-B0AA-4D7C-87AB-211B61F409F6}.Release|ARM64.Build.0 = Release|ARM64
		{086A6C01-B0AA-4D7C-87AB-211B61F409F6}.Release|x64.ActiveCfg = Release|x64
		{086A6C01-B0AA-4D7C-87AB-211B61F409F6}.Release|x64.Build.0 = Release|x64
		{086A6C01-B0AA-4D7C-87AB-211B61F409F6}.Release|x86.ActiveCfg = Release|Win32
		{086A6C01-B0AA-4D7C-87AB-211B61F409F6}.Release|x86.Build.0 = Release|Win32
		{5C000E67-E050-4D3E-8693-B820E8ACA367}.Debug|ARM64.ActiveCfg = Debug|x64
		{5C000E67-E050-4D3E-8693-B820E8ACA367}.Debug|ARM64.Build.0 = Debug|x64
		{5C000E67-E050-4D3E-8693-B820E8ACA367}.Debug|x64.ActiveCfg = Debug|x64
		{5C000E67-E050-4D3E-8693-B820E8ACA367}.Debug|x64.Build.0 = Debug|x64
		{5C000E67-E050-4D3E-8693-B820E8ACA367}.Debug|x86.ActiveCfg = Debug|Win32
		{5C000E67-E050-4D3E-8693-B820E8ACA367}.Debug|x86.Build.0 = Debug|Win32
		{5C000E67-E050-4D3E-8693-B820E8ACA367}.Release|ARM64.ActiveCfg = Release|x64
		{5C000E67-E050-4D3E-8693-B820E8ACA367}.Release|ARM64.Build.0 = Release|x64
		{5C000E67-E050-4D3E-8693-B820E8ACA367}.Release|x64.ActiveCfg = Release|x64
		{5C000E67-E050-4D3E-8693-B820E8ACA367}.Release|x64.Build.0 = Release|x64
		{5C000E67-E050-4D3E-8693-B820E8ACA367}.Release|x86.ActiveCfg = Release|Win32
		{5C000E67-E050-4D3E-8693-B820E8ACA367}.Release|x86.Build.0 = Release|Win32
		{6F93F180-1E1B-4134-9D70-5646B0DEF4A6}.Debug|ARM64.ActiveCfg = Debug|x64
		{6F93F180-1E1B-4134-9D70-5646B0DEF4A6}.Debug|ARM64.Build.0 = Debug|x64
		{6F93F180-1E1B-4134-9D70-5646B0DEF4A6}.Debug|x64.ActiveCfg = Debug|x64
		{6F93F180-1E1B-4134-9D70-5646B0DEF4A6}.Debug|x64.Build.0 = Debug|x64
		{6F93F180-1E1B-4134-9D70-5646B0DEF4A6}.Debug|x86.ActiveCfg = Debug|Win32
		{6F93F180-1E1B-4134-9D70-5646B0DEF4A6}.Debug|x86.Build.0 = Debug|Win32
		{6F93F180-1E1B-4134-9D70-5646B0DEF4A6}.Release|ARM64.ActiveCfg = Release|x64
		{6F93F180-1E1B-4134-9D70-5646B0DEF4A6}.Release|ARM64.Build.0 = Release|x64
		{6F93F180-1E1B-4134-9D70-5646B0DEF4A6}.Release|x64.ActiveCfg = Release|x64
		{6F93F180-1E1B-4134-9D70-5646B0DEF4A6}.Release|x64.Build.0 = Release|x64
		{6F93F180-1E1B-4134-9D70-5646B0DEF4A6}.Release|x86.ActiveCfg = Release|Win32
		{6F93F180-1E1B-4134-9D70-5646B0DEF4A6}.Release|x86.Build.0 = Release|Win32
		{D4112828-D858-4109-8352-3B6EF61C36ED}.Debug|ARM64.ActiveCfg = Debug|x64
		{D4112828-D858-4109-8352-3B6EF61C36ED}.Debug|ARM64.Build.0 = Debug|x64
		{D4112828-D858-4109-8352-3B6EF61C36ED}.Debug|x64.ActiveCfg = Debug|x64
		{D4112828-D858-4109-8352-3B6EF61C36ED}.Debug|x64.Build.0 = Debug|x64
		{D4112828-D858-4109-8352-3B6EF61C36ED}.Debug|x86.ActiveCfg = Debug|Win32
		{D4112828-D858-4109-8352-3B6EF61C36ED}.Debug|x86.Build.0 = Debug|Win32
		{D4112828-D858-4109-8352-3B6EF61C36ED}.Release|ARM64.ActiveCfg = Release|x64
		{D4112828-D858-4109-8352-3B6EF61C36ED}.Release|ARM64.Build.0 = Release|x64
		{D4112828-D858-4109-8352-3B6EF61C36ED}.Release|x64.ActiveCfg = Release|x64
		{D4112828-D858-4109-8352-3B6EF61C36ED}.Release|x64.Build.0 = Release|x64
		{D4112828-D858-4109-8352-3B6EF61C36ED}.Release|x86.ActiveCfg = Release|Win32
		{D4112828-D858-4109-8352-3B6EF61C36ED}.Release|x86.Build.0 = Release|Win32
		{AEE9C6FC-C67B-4001-A5FA-BCACC78995DA}.Debug|ARM64.ActiveCfg = Debug|x64
		{AEE9C6FC-C67B-4001-A5FA-BCACC78995DA}.Debug|ARM64.Build.0 = Debug|x64
		{AEE9C6FC-C67B-4001-A5FA-BCACC78995DA}.Debug|x64.ActiveCfg = Debug|x64
		{AEE9C6FC-C67B-4001-A5FA-BCACC78995DA}.Debug|x64.Build.0 = Debug|x64
		{AEE9C6FC-C67B-4001-A5FA-BCACC78995DA}.Debug|x86.ActiveCfg = Debug|Win32
		{AEE9C6FC-C67B-4001-A5FA-BCACC78995DA}.Debug|x86.Build.0 = Debug|Win32
		{AEE9C6FC-C67B-4001-A5FA-BCACC78995DA}.Release|ARM64.ActiveCfg = Release|x64
		{AEE9C6FC-C67B-4001-A5FA-BCACC78995DA}.Release|ARM64.Build.0 = Release|x64
		{AEE9C6FC-C67B-4001-A5FA-BCACC78995DA}.Release|x64.ActiveCfg = Release|x64
		{AEE9C6FC-C67B-4001-A5FA-BCACC78995DA}.Release|x64.Build.0 = Release|x64
		{AEE9C6FC-C67B-4001-A5FA-BCACC78995DA}.Release|x86.ActiveCfg = Release|Win32
		{AEE9C6FC-C67B-4001-A5FA-BCACC78995DA}.Release|x86.Build.0 = Release|Win32
		{0429EEA4-3D82-47CA-A312-99D56A0552B6}.Debug|ARM64.ActiveCfg = Debug|x64
		{0429EEA4-3D82-47CA-A312-99D56A0552B6}.Debug|ARM64.Build.0 = Debug|x64
		{0429EEA4-3D82-47CA-A312-99D56A0552B6}.Debug|x64.ActiveCfg = Debug|x64
		{0429EEA4-3D82-47CA-A312-99D56A0552B6}.Debug|x64.Build.0 = Debug|x64
		{0429EEA4-3D82-47CA-A312-99D56A0552B6}.Debug|x86.ActiveCfg = Debug|Win32
		{0429EEA4-3D82-47CA-A312-99D56A0552B6}.Debug|x86.Build.0 = Debug|Win32
		{0429EEA4-3D82-47CA-A312-99D56A0552B6}.Release|ARM64.ActiveCfg = Release|x64
		{0429EEA4-3D82-47CA-A312-99D56A0552B6}.Release|ARM64.Build.0 = Release|x64
		{0429EEA4-3D82-47CA-A312-99D56A0552B6}.Release|x64.ActiveCfg = Release|x64
		{0429EEA4-3D82-47CA-A312-99D56A0552B6}.Release|x64.Build.0 = Release|x64
		{0429EEA4-3D82-47CA-A312-99D56A0552B6}.Release|x86.ActiveCfg = Release|Win32
		{0429EEA4-3D82-47CA-A312-99D56A0552B6}.Release|x86.Build.0 = Release|Win32
		{A1A4AC6A-5120-49F9-93CD-CAF989A4EF2D}.Debug|ARM64.ActiveCfg = Debug|x64
		{A1A4AC6A-5120-49F9-93CD-CAF989A4EF2D}.Debug|ARM64.Build.0 = Debug|x64
		{A1A4AC6A-5120-49F9-93CD-CAF989A4EF2D}.Debug|x64.ActiveCfg = Debug|x64
		{A1A4AC6A-5120-49F9-93CD-CAF989A4EF2D}.Debug|x64.Build.0 = Debug|x64
		{A1A4AC6A-5120-49F9-93CD-CAF989A4EF2D}.Debug|x86.ActiveCfg = Debug|Win32
		{A1A4AC6A-5120-49F9-93CD-CAF989A4EF2D}.Debug|x86.Build.0 = Debug|Win32
		{A1A4AC6A-5120-49F9-93CD-CAF989A4EF2D}.Release|ARM64.ActiveCfg = Release|x64
		{A1A4AC6A-5120-49F9-93CD-CAF989A4EF2D}.Release|ARM64.Build.0 = Release|x64
		{A1A4AC6A-5120-49F9-93CD-CAF989A4EF2D}.Release|x64.ActiveCfg = Release|x64
		{A1A4AC6A-5120-49F9-93CD-CAF989A4EF2D}.Release|x64.Build.0 = Release|x64
		{A1A4AC6A-5120-49F9-93CD-CAF989A4EF2D}.Release|x86.ActiveCfg = Release|Win32
		{A1A4AC6A-5120-49F9-93CD-CAF989A4EF2D}.Release|x86.Build.0 = Release|Win32
		{F4EF4310-3760-45DB-BAE7-D78C63FCF84E}.Debug|ARM64.ActiveCfg = Debug|x64
		{F4EF4310-3760-45DB-BAE7-D78C63FCF84E}.Debug|ARM64.Build.0 = Debug|x64
		{F4EF4310-3760-45DB-BAE7-D78C63FCF84E}.Debug|x64.ActiveCfg = Debug|x64
		{F4EF4310-3760-45DB-BAE7-D78C63FCF84E}.Debug|x64.Build.0 = Debug|x64
		{F4EF4310-3760-45DB-BAE7-D78C63FCF84E}.Debug|x86.ActiveCfg = Debug|Win32
		{F4EF4310-3760-45DB-BAE7-D78C63FCF84E}.Debug|x86.Build.0 = Debug|Win32
		{F4EF4310-3760-45DB-BAE7-D78C63FCF84E}.Release|ARM64.ActiveCfg = Release|x64
		{F4EF4310-3760-45DB-BAE7-D78C63FCF84E}.Release|ARM64.Build.0 = Release|x64
		{F4EF4310-3760-45DB-BAE7-D78C63FCF84E}.Release|x64.ActiveCfg = Release|x64
		{F4EF4310-3760-45DB-BAE7-D78C63FCF84E}.Release|x64.Build.0 = Release|x64
		{F4EF4310-3760-45DB-BAE7-D78C63FCF84E}.Release|x86.ActiveCfg = Release|Win32
		{F4EF4310-3760-45DB-BAE7-D78C63FCF84E}.Release|x86.Build.0 = Release|Win32
		{5693B981-4B67-48B8-96C7-F42D9B104F01}.Debug|ARM64.ActiveCfg = Debug|x64
		{5693B981-4B67-48B8-96C7-F42D9B104F01}.Debug|ARM64.Build.0 = Debug|x64
		{5693B981-4B67-48B8-96C7-F42D9B104F01}.Debug|x64.ActiveCfg = Debug|x64
		{5693B981-4B67-48B8-96C7-F42D9B104F01}.Debug|x64.Build.0 = Debug|x64
		{5693B981-4B67-48B8-96C7-F42D9B104F01}.Debug|x86.ActiveCfg = Debug|Win32
		{5693B981-4B67-48B8-96C7-F42D9B104F01}.Debug|x86.Build.0 = Debug|Win32
		{5693B981-4B67-48B8-96C7-F42D9B104F01}.Release|ARM64.ActiveCfg = Release|x64
		{5693B981-4B67-48B8-96C7-F42D9B104F01}.Release|ARM64.Build.0 = Release|x64
		{5693B981-4B67-48B8-96C7-F42D9B104F01}.Release|x64.ActiveCfg = Release|x64
		{5693B981-4B67-48B8-96C7-F42D9B104F01}.Release|x64.Build.0 = Release|x64
		{5693B981-4B67-48B8-96C7-F42D9B104F01}.Release|x86.ActiveCfg = Release|Win32
		{5693B981-4B67-48B8-96C7-F42D9B104F01}.Release|x86.Build.0 = Release|Win32
	EndGlobalSection
	GlobalSection(SolutionProperties) = preSolution
		HideSolutionNode = FALSE
	EndGlobalSection
	GlobalSection(NestedProjects) = preSolution
		{21D93D4A-B09A-414F-917B-BE584741309D} = {C8D5274F-AC00-46C7-1F8D-E88E81087A52}
		{1ACF296D-9DB5-4CA6-A33E-F19840718B07} = {C8D5274F-AC00-46C7-1F8D-E88E81087A52}
		{6003052A-0684-4B02-B1E5-011EFB49CDC0} = {C8D5274F-AC00-46C7-1F8D-E88E81087A52}
		{77714426-0712-409C-ABB3-F12DFD44E257} = {C8D5274F-AC00-46C7-1F8D-E88E81087A52}
		{086A6C01-B0AA-4D7C-87AB-211B61F409F6} = {C8D5274F-AC00-46C7-1F8D-E88E81087A52}
		{5C000E67-E050-4D3E-8693-B820E8ACA367} = {0E83EE96-AC17-46B6-9938-09560A6290EF}
		{6F93F180-1E1B-4134-9D70-5646B0DEF4A6} = {94322101-E874-42F3-A755-48CF67A9CCAC}
		{D4112828-D858-4109-8352-3B6EF61C36ED} = {004F5C8D-98AE-4C78-97E4-C7BC0D3BAB30}
		{AEE9C6FC-C67B-4001-A5FA-BCACC78995DA} = {004F5C8D-98AE-4C78-97E4-C7BC0D3BAB30}
		{0429EEA4-3D82-47CA-A312-99D56A0552B6} = {0E83EE96-AC17-46B6-9938-09560A6290EF}
		{004F5C8D-98AE-4C78-97E4-C7BC0D3BAB30} = {0E83EE96-AC17-46B6-9938-09560A6290EF}
		{A1A4AC6A-5120-49F9-93CD-CAF989A4EF2D} = {004F5C8D-98AE-4C78-97E4-C7BC0D3BAB30}
		{F4EF4310-3760-45DB-BAE7-D78C63FCF84E} = {004F5C8D-98AE-4C78-97E4-C7BC0D3BAB30}
		{5693B981-4B67-48B8-96C7-F42D9B104F01} = {004F5C8D-98AE-4C78-97E4-C7BC0D3BAB30}
	EndGlobalSection
	GlobalSection(ExtensibilityGlobals) = postSolution
		SolutionGuid = {694FD6B6-05A4-4489-AB15-11F1929F9892}
	EndGlobalSection
EndGlobal
